
Microsoft Visual Studio Solution File, Format Version 12.00
# Visual Studio 2012
Project("{FAE04EC0-301F-11D3-BF4B-00C04F79EFBC}") = "Biblioteca", "Biblioteca\Biblioteca.csproj", "{D9A41B5A-D42E-4010-98BC-BE07C0D36E8F}"
EndProject
Project("{FAE04EC0-301F-11D3-BF4B-00C04F79EFBC}") = "DAL", "DAL\DAL.csproj", "{F6E90148-0056-4FE1-BA8E-D99295481B3A}"
EndProject
Global
	GlobalSection(SolutionConfigurationPlatforms) = preSolution
		Debug|Any CPU = Debug|Any CPU
		Release|Any CPU = Release|Any CPU
	EndGlobalSection
	GlobalSection(ProjectConfigurationPlatforms) = postSolution
		{D9A41B5A-D42E-4010-98BC-BE07C0D36E8F}.Debug|Any CPU.ActiveCfg = Debug|Any CPU
		{D9A41B5A-D42E-4010-98BC-BE07C0D36E8F}.Debug|Any CPU.Build.0 = Debug|Any CPU
		{D9A41B5A-D42E-4010-98BC-BE07C0D36E8F}.Release|Any CPU.ActiveCfg = Release|Any CPU
		{D9A41B5A-D42E-4010-98BC-BE07C0D36E8F}.Release|Any CPU.Build.0 = Release|Any CPU
		{F6E90148-0056-4FE1-BA8E-D99295481B3A}.Debug|Any CPU.ActiveCfg = Debug|Any CPU
		{F6E90148-0056-4FE1-BA8E-D99295481B3A}.Debug|Any CPU.Build.0 = Debug|Any CPU
		{F6E90148-0056-4FE1-BA8E-D99295481B3A}.Release|Any CPU.ActiveCfg = Release|Any CPU
		{F6E90148-0056-4FE1-BA8E-D99295481B3A}.Release|Any CPU.Build.0 = Release|Any CPU
	EndGlobalSection
	GlobalSection(SolutionProperties) = preSolution
		HideSolutionNode = FALSE
	EndGlobalSection
EndGlobal
